// !$*UTF8*$!
{
	archiveVersion = 1;
	classes = {
	};
	objectVersion = 46;
	objects = {

/* Begin PBXBuildFile section */
		A82F33B31B7D830000A9F670 /* main.m in Sources */ = {isa = PBXBuildFile; fileRef = A82F33B21B7D830000A9F670 /* main.m */; };
		A82F33BC1B7D830000A9F670 /* Main.storyboard in Resources */ = {isa = PBXBuildFile; fileRef = A82F33BA1B7D830000A9F670 /* Main.storyboard */; };
		A82F33BE1B7D830000A9F670 /* Images.xcassets in Resources */ = {isa = PBXBuildFile; fileRef = A82F33BD1B7D830000A9F670 /* Images.xcassets */; };
		A82F33C11B7D830000A9F670 /* LaunchScreen.xib in Resources */ = {isa = PBXBuildFile; fileRef = A82F33BF1B7D830000A9F670 /* LaunchScreen.xib */; };
		A82F33CD1B7D830100A9F670 /* LRUCacheTests.m in Sources */ = {isa = PBXBuildFile; fileRef = A82F33CC1B7D830100A9F670 /* LRUCacheTests.m */; };
		A8838E761B82A2B3008B29F7 /* VM_LRUCache.m in Sources */ = {isa = PBXBuildFile; fileRef = A8838E751B82A2B3008B29F7 /* VM_LRUCache.m */; };
/* End PBXBuildFile section */

/* Begin PBXContainerItemProxy section */
		A82F33C71B7D830100A9F670 /* PBXContainerItemProxy */ = {
			isa = PBXContainerItemProxy;
			containerPortal = A82F33A51B7D830000A9F670 /* Project object */;
			proxyType = 1;
			remoteGlobalIDString = A82F33AC1B7D830000A9F670;
			remoteInfo = LRUCache;
		};
/* End PBXContainerItemProxy section */

/* Begin PBXFileReference section */
		A82F33AD1B7D830000A9F670 /* LRUCache.app */ = {isa = PBXFileReference; explicitFileType = wrapper.application; includeInIndex = 0; path = LRUCache.app; sourceTree = BUILT_PRODUCTS_DIR; };
		A82F33B11B7D830000A9F670 /* Info.plist */ = {isa = PBXFileReference; lastKnownFileType = text.plist.xml; path = Info.plist; sourceTree = "<group>"; };
		A82F33B21B7D830000A9F670 /* main.m */ = {isa = PBXFileReference; lastKnownFileType = sourcecode.c.objc; path = main.m; sourceTree = "<group>"; };
		A82F33BB1B7D830000A9F670 /* Base */ = {isa = PBXFileReference; lastKnownFileType = file.storyboard; name = Base; path = Base.lproj/Main.storyboard; sourceTree = "<group>"; };
		A82F33BD1B7D830000A9F670 /* Images.xcassets */ = {isa = PBXFileReference; lastKnownFileType = folder.assetcatalog; path = Images.xcassets; sourceTree = "<group>"; };
		A82F33C01B7D830000A9F670 /* Base */ = {isa = PBXFileReference; lastKnownFileType = file.xib; name = Base; path = Base.lproj/LaunchScreen.xib; sourceTree = "<group>"; };
		A82F33C61B7D830100A9F670 /* LRUCacheTests.xctest */ = {isa = PBXFileReference; explicitFileType = wrapper.cfbundle; includeInIndex = 0; path = LRUCacheTests.xctest; sourceTree = BUILT_PRODUCTS_DIR; };
		A82F33CB1B7D830100A9F670 /* Info.plist */ = {isa = PBXFileReference; lastKnownFileType = text.plist.xml; path = Info.plist; sourceTree = "<group>"; };
		A82F33CC1B7D830100A9F670 /* LRUCacheTests.m */ = {isa = PBXFileReference; lastKnownFileType = sourcecode.c.objc; path = LRUCacheTests.m; sourceTree = "<group>"; };
		A8838E751B82A2B3008B29F7 /* VM_LRUCache.m */ = {isa = PBXFileReference; fileEncoding = 4; lastKnownFileType = sourcecode.c.objc; path = VM_LRUCache.m; sourceTree = "<group>"; };
		A8838E771B82A2EB008B29F7 /* VM_LRUCache.h */ = {isa = PBXFileReference; fileEncoding = 4; lastKnownFileType = sourcecode.c.h; path = VM_LRUCache.h; sourceTree = "<group>"; };
/* End PBXFileReference section */

/* Begin PBXFrameworksBuildPhase section */
		A82F33AA1B7D830000A9F670 /* Frameworks */ = {
			isa = PBXFrameworksBuildPhase;
			buildActionMask = 2147483647;
			files = (
			);
			runOnlyForDeploymentPostprocessing = 0;
		};
		A82F33C31B7D830100A9F670 /* Frameworks */ = {
			isa = PBXFrameworksBuildPhase;
			buildActionMask = 2147483647;
			files = (
			);
			runOnlyForDeploymentPostprocessing = 0;
		};
/* End PBXFrameworksBuildPhase section */

/* Begin PBXGroup section */
		A82F33A41B7D830000A9F670 = {
			isa = PBXGroup;
			children = (
				A82F33AF1B7D830000A9F670 /* LRUCache */,
				A82F33C91B7D830100A9F670 /* LRUCacheTests */,
				A82F33AE1B7D830000A9F670 /* Products */,
			);
			sourceTree = "<group>";
		};
		A82F33AE1B7D830000A9F670 /* Products */ = {
			isa = PBXGroup;
			children = (
				A82F33AD1B7D830000A9F670 /* LRUCache.app */,
				A82F33C61B7D830100A9F670 /* LRUCacheTests.xctest */,
			);
			name = Products;
			sourceTree = "<group>";
		};
		A82F33AF1B7D830000A9F670 /* LRUCache */ = {
			isa = PBXGroup;
			children = (
				A8838E751B82A2B3008B29F7 /* VM_LRUCache.m */,
				A8838E771B82A2EB008B29F7 /* VM_LRUCache.h */,
				A82F33BA1B7D830000A9F670 /* Main.storyboard */,
				A82F33BD1B7D830000A9F670 /* Images.xcassets */,
				A82F33BF1B7D830000A9F670 /* LaunchScreen.xib */,
				A82F33B01B7D830000A9F670 /* Supporting Files */,
			);
			path = LRUCache;
			sourceTree = "<group>";
		};
		A82F33B01B7D830000A9F670 /* Supporting Files */ = {
			isa = PBXGroup;
			children = (
				A82F33B11B7D830000A9F670 /* Info.plist */,
				A82F33B21B7D830000A9F670 /* main.m */,
			);
			name = "Supporting Files";
			sourceTree = "<group>";
		};
		A82F33C91B7D830100A9F670 /* LRUCacheTests */ = {
			isa = PBXGroup;
			children = (
				A82F33CC1B7D830100A9F670 /* LRUCacheTests.m */,
				A82F33CA1B7D830100A9F670 /* Supporting Files */,
			);
			path = LRUCacheTests;
			sourceTree = "<group>";
		};
		A82F33CA1B7D830100A9F670 /* Supporting Files */ = {
			isa = PBXGroup;
			children = (
				A82F33CB1B7D830100A9F670 /* Info.plist */,
			);
			name = "Supporting Files";
			sourceTree = "<group>";
		};
/* End PBXGroup section */

/* Begin PBXNativeTarget section */
		A82F33AC1B7D830000A9F670 /* LRUCache */ = {
			isa = PBXNativeTarget;
			buildConfigurationList = A82F33D01B7D830100A9F670 /* Build configuration list for PBXNativeTarget "LRUCache" */;
			buildPhases = (
				A82F33A91B7D830000A9F670 /* Sources */,
				A82F33AA1B7D830000A9F670 /* Frameworks */,
				A82F33AB1B7D830000A9F670 /* Resources */,
			);
			buildRules = (
			);
			dependencies = (
			);
			name = LRUCache;
			productName = LRUCache;
			productReference = A82F33AD1B7D830000A9F670 /* LRUCache.app */;
			productType = "com.apple.product-type.application";
		};
		A82F33C51B7D830100A9F670 /* LRUCacheTests */ = {
			isa = PBXNativeTarget;
			buildConfigurationList = A82F33D31B7D830100A9F670 /* Build configuration list for PBXNativeTarget "LRUCacheTests" */;
			buildPhases = (
				A82F33C21B7D830100A9F670 /* Sources */,
				A82F33C31B7D830100A9F670 /* Frameworks */,
				A82F33C41B7D830100A9F670 /* Resources */,
			);
			buildRules = (
			);
			dependencies = (
				A82F33C81B7D830100A9F670 /* PBXTargetDependency */,
			);
			name = LRUCacheTests;
			productName = LRUCacheTests;
			productReference = A82F33C61B7D830100A9F670 /* LRUCacheTests.xctest */;
			productType = "com.apple.product-type.bundle.unit-test";
		};
/* End PBXNativeTarget section */

/* Begin PBXProject section */
		A82F33A51B7D830000A9F670 /* Project object */ = {
			isa = PBXProject;
			attributes = {
				LastUpgradeCheck = 0640;
				ORGANIZATIONNAME = vincemansel;
				TargetAttributes = {
					A82F33AC1B7D830000A9F670 = {
						CreatedOnToolsVersion = 6.4;
					};
					A82F33C51B7D830100A9F670 = {
						CreatedOnToolsVersion = 6.4;
						TestTargetID = A82F33AC1B7D830000A9F670;
					};
				};
			};
			buildConfigurationList = A82F33A81B7D830000A9F670 /* Build configuration list for PBXProject "LRUCache" */;
			compatibilityVersion = "Xcode 3.2";
			developmentRegion = English;
			hasScannedForEncodings = 0;
			knownRegions = (
				en,
				Base,
			);
			mainGroup = A82F33A41B7D830000A9F670;
			productRefGroup = A82F33AE1B7D830000A9F670 /* Products */;
			projectDirPath = "";
			projectRoot = "";
			targets = (
				A82F33AC1B7D830000A9F670 /* LRUCache */,
				A82F33C51B7D830100A9F670 /* LRUCacheTests */,
			);
		};
/* End PBXProject section */

/* Begin PBXResourcesBuildPhase section */
		A82F33AB1B7D830000A9F670 /* Resources */ = {
			isa = PBXResourcesBuildPhase;
			buildActionMask = 2147483647;
			files = (
				A82F33BC1B7D830000A9F670 /* Main.storyboard in Resources */,
				A82F33C11B7D830000A9F670 /* LaunchScreen.xib in Resources */,
				A82F33BE1B7D830000A9F670 /* Images.xcassets in Resources */,
			);
			runOnlyForDeploymentPostprocessing = 0;
		};
		A82F33C41B7D830100A9F670 /* Resources */ = {
			isa = PBXResourcesBuildPhase;
			buildActionMask = 2147483647;
			files = (
			);
			runOnlyForDeploymentPostprocessing = 0;
		};
/* End PBXResourcesBuildPhase section */

/* Begin PBXSourcesBuildPhase section */
		A82F33A91B7D830000A9F670 /* Sources */ = {
			isa = PBXSourcesBuildPhase;
			buildActionMask = 2147483647;
			files = (
				A8838E761B82A2B3008B29F7 /* VM_LRUCache.m in Sources */,
				A82F33B31B7D830000A9F670 /* main.m in Sources */,
			);
			runOnlyForDeploymentPostprocessing = 0;
		};
		A82F33C21B7D830100A9F670 /* Sources */ = {
			isa = PBXSourcesBuildPhase;
			buildActionMask = 2147483647;
			files = (
				A82F33CD1B7D830100A9F670 /* LRUCacheTests.m in Sources */,
			);
			runOnlyForDeploymentPostprocessing = 0;
		};
/* End PBXSourcesBuildPhase section */

/* Begin PBXTargetDependency section */
		A82F33C81B7D830100A9F670 /* PBXTargetDependency */ = {
			isa = PBXTargetDependency;
			target = A82F33AC1B7D830000A9F670 /* LRUCache */;
			targetProxy = A82F33C71B7D830100A9F670 /* PBXContainerItemProxy */;
		};
/* End PBXTargetDependency section */

/* Begin PBXVariantGroup section */
		A82F33BA1B7D830000A9F670 /* Main.storyboard */ = {
			isa = PBXVariantGroup;
			children = (
				A82F33BB1B7D830000A9F670 /* Base */,
			);
			name = Main.storyboard;
			sourceTree = "<group>";
		};
		A82F33BF1B7D830000A9F670 /* LaunchScreen.xib */ = {
			isa = PBXVariantGroup;
			children = (
				A82F33C01B7D830000A9F670 /* Base */,
			);
			name = LaunchScreen.xib;
			sourceTree = "<group>";
		};
/* End PBXVariantGroup section */

/* Begin XCBuildConfiguration section */
		A82F33CE1B7D830100A9F670 /* Debug */ = {
			isa = XCBuildConfiguration;
			buildSettings = {
				ALWAYS_SEARCH_USER_PATHS = NO;
				CLANG_CXX_LANGUAGE_STANDARD = "gnu++0x";
				CLANG_CXX_LIBRARY = "libc++";
				CLANG_ENABLE_MODULES = YES;
				CLANG_ENABLE_OBJC_ARC = YES;
				CLANG_WARN_BOOL_CONVERSION = YES;
				CLANG_WARN_CONSTANT_CONVERSION = YES;
				CLANG_WARN_DIRECT_OBJC_ISA_USAGE = YES_ERROR;
				CLANG_WARN_EMPTY_BODY = YES;
				CLANG_WARN_ENUM_CONVERSION = YES;
				CLANG_WARN_INT_CONVERSION = YES;
				CLANG_WARN_OBJC_ROOT_CLASS = YES_ERROR;
				CLANG_WARN_UNREACHABLE_CODE = YES;
				CLANG_WARN__DUPLICATE_METHOD_MATCH = YES;
				"CODE_SIGN_IDENTITY[sdk=iphoneos*]" = "iPhone Developer";
				COPY_PHASE_STRIP = NO;
				DEBUG_INFORMATION_FORMAT = "dwarf-with-dsym";
				ENABLE_STRICT_OBJC_MSGSEND = YES;
				GCC_C_LANGUAGE_STANDARD = gnu99;
				GCC_DYNAMIC_NO_PIC = NO;
				GCC_NO_COMMON_BLOCKS = YES;
				GCC_OPTIMIZATION_LEVEL = 0;
				GCC_PREPROCESSOR_DEFINITIONS = (
					"DEBUG=1",
					"$(inherited)",
				);
				GCC_SYMBOLS_PRIVATE_EXTERN = NO;
				GCC_WARN_64_TO_32_BIT_CONVERSION = YES;
				GCC_WARN_ABOUT_RETURN_TYPE = YES_ERROR;
				GCC_WARN_UNDECLARED_SELECTOR = YES;
				GCC_WARN_UNINITIALIZED_AUTOS = YES_AGGRESSIVE;
				GCC_WARN_UNUSED_FUNCTION = YES;
				GCC_WARN_UNUSED_VARIABLE = YES;
				IPHONEOS_DEPLOYMENT_TARGET = 8.4;
				MTL_ENABLE_DEBUG_INFO = YES;
				ONLY_ACTIVE_ARCH = YES;
				SDKROOT = iphoneos;
				TARGETED_DEVICE_FAMILY = "1,2";
			};
			name = Debug;
		};
		A82F33CF1B7D830100A9F670 /* Release */ = {
			isa = XCBuildConfiguration;
			buildSettings = {
				ALWAYS_SEARCH_USER_PATHS = NO;
				CLANG_CXX_LANGUAGE_STANDARD = "gnu++0x";
				CLANG_CXX_LIBRARY = "libc++";
				CLANG_ENABLE_MODULES = YES;
				CLANG_ENABLE_OBJC_ARC = YES;
				CLANG_WARN_BOOL_CONVERSION = YES;
				CLANG_WARN_CONSTANT_CONVERSION = YES;
				CLANG_WARN_DIRECT_OBJC_ISA_USAGE = YES_ERROR;
				CLANG_WARN_EMPTY_BODY = YES;
				CLANG_WARN_ENUM_CONVERSION = YES;
				CLANG_WARN_INT_CONVERSION = YES;
				CLANG_WARN_OBJC_ROOT_CLASS = YES_ERROR;
				CLANG_WARN_UNREACHABLE_CODE = YES;
				CLANG_WARN__DUPLICATE_METHOD_MATCH = YES;
				"CODE_SIGN_IDENTITY[sdk=iphoneos*]" = "iPhone Developer";
				COPY_PHASE_STRIP = NO;
				DEBUG_INFORMATION_FORMAT = "dwarf-with-dsym";
				ENABLE_NS_ASSERTIONS = NO;
				ENABLE_STRICT_OBJC_MSGSEND = YES;
				GCC_C_LANGUAGE_STANDARD = gnu99;
				GCC_NO_COMMON_BLOCKS = YES;
				GCC_WARN_64_TO_32_BIT_CONVERSION = YES;
				GCC_WARN_ABOUT_RETURN_TYPE = YES_ERROR;
				GCC_WARN_UNDECLARED_SELECTOR = YES;
				GCC_WARN_UNINITIALIZED_AUTOS = YES_AGGRESSIVE;
				GCC_WARN_UNUSED_FUNCTION = YES;
				GCC_WARN_UNUSED_VARIABLE = YES;
				IPHONEOS_DEPLOYMENT_TARGET = 8.4;
				MTL_ENABLE_DEBUG_INFO = NO;
				SDKROOT = iphoneos;
				TARGETED_DEVICE_FAMILY = "1,2";
				VALIDATE_PRODUCT = YES;
			};
			name = Release;
		};
		A82F33D11B7D830100A9F670 /* Debug */ = {
			isa = XCBuildConfiguration;
			buildSettings = {
				ASSETCATALOG_COMPILER_APPICON_NAME = AppIcon;
				INFOPLIST_FILE = LRUCache/Info.plist;
				LD_RUNPATH_SEARCH_PATHS = "$(inherited) @executable_path/Frameworks";
				PRODUCT_NAME = "$(TARGET_NAME)";
			};
			name = Debug;
		};
		A82F33D21B7D830100A9F670 /* Release */ = {
			isa = XCBuildConfiguration;
			buildSettings = {
				ASSETCATALOG_COMPILER_APPICON_NAME = AppIcon;
				INFOPLIST_FILE = LRUCache/Info.plist;
				LD_RUNPATH_SEARCH_PATHS = "$(inherited) @executable_path/Frameworks";
				PRODUCT_NAME = "$(TARGET_NAME)";
			};
			name = Release;
		};
		A82F33D41B7D830100A9F670 /* Debug */ = {
			isa = XCBuildConfiguration;
			buildSettings = {
				BUNDLE_LOADER = "$(TEST_HOST)";
				FRAMEWORK_SEARCH_PATHS = (
					"$(SDKROOT)/Developer/Library/Frameworks",
					"$(inherited)",
				);
				GCC_PREPROCESSOR_DEFINITIONS = (
					"DEBUG=1",
					"$(inherited)",
				);
				INFOPLIST_FILE = LRUCacheTests/Info.plist;
				LD_RUNPATH_SEARCH_PATHS = "$(inherited) @executable_path/Frameworks @loader_path/Frameworks";
				PRODUCT_NAME = "$(TARGET_NAME)";
				TEST_HOST = "$(BUILT_PRODUCTS_DIR)/LRUCache.app/LRUCache";
			};
			name = Debug;
		};
		A82F33D51B7D830100A9F670 /* Release */ = {
			isa = XCBuildConfiguration;
			buildSettings = {
				BUNDLE_LOADER = "$(TEST_HOST)";
				FRAMEWORK_SEARCH_PATHS = (
					"$(SDKROOT)/Developer/Library/Frameworks",
					"$(inherited)",
				);
				INFOPLIST_FILE = LRUCacheTests/Info.plist;
				LD_RUNPATH_SEARCH_PATHS = "$(inherited) @executable_path/Frameworks @loader_path/Frameworks";
				PRODUCT_NAME = "$(TARGET_NAME)";
				TEST_HOST = "$(BUILT_PRODUCTS_DIR)/LRUCache.app/LRUCache";
			};
			name = Release;
		};
/* End XCBuildConfiguration section */

/* Begin XCConfigurationList section */
		A82F33A81B7D830000A9F670 /* Build configuration list for PBXProject "LRUCache" */ = {
			isa = XCConfigurationList;
			buildConfigurations = (
				A82F33CE1B7D830100A9F670 /* Debug */,
				A82F33CF1B7D830100A9F670 /* Release */,
			);
			defaultConfigurationIsVisible = 0;
			defaultConfigurationName = Release;
		};
		A82F33D01B7D830100A9F670 /* Build configuration list for PBXNativeTarget "LRUCache" */ = {
			isa = XCConfigurationList;
			buildConfigurations = (
				A82F33D11B7D830100A9F670 /* Debug */,
				A82F33D21B7D830100A9F670 /* Release */,
			);
			defaultConfigurationIsVisible = 0;
			defaultConfigurationName = Release;
		};
		A82F33D31B7D830100A9F670 /* Build configuration list for PBXNativeTarget "LRUCacheTests" */ = {
			isa = XCConfigurationList;
			buildConfigurations = (
				A82F33D41B7D830100A9F670 /* Debug */,
				A82F33D51B7D830100A9F670 /* Release */,
			);
			defaultConfigurationIsVisible = 0;
			defaultConfigurationName = Release;
		};
/* End XCConfigurationList section */
	};
	rootObject = A82F33A51B7D830000A9F670 /* Project object */;
}
